
Microsoft Visual Studio Solution File, Format Version 12.00
# Visual Studio 15
VisualStudioVersion = 15.0.28307.902
MinimumVisualStudioVersion = 10.0.40219.1
Project("{9092AA53-FB77-4645-B42D-1CCCA6BD08BD}") = "BookstoreNode", "BookstoreNode\BookstoreNode.njsproj", "{075EA3D9-4328-4344-86C1-5381ABFAE7F8}"
EndProject
Global
	GlobalSection(SolutionConfigurationPlatforms) = preSolution
		Debug|Any CPU = Debug|Any CPU
		Release|Any CPU = Release|Any CPU
	EndGlobalSection
	GlobalSection(ProjectConfigurationPlatforms) = postSolution
		{075EA3D9-4328-4344-86C1-5381ABFAE7F8}.Debug|Any CPU.ActiveCfg = Debug|Any CPU
		{075EA3D9-4328-4344-86C1-5381ABFAE7F8}.Debug|Any CPU.Build.0 = Debug|Any CPU
		{075EA3D9-4328-4344-86C1-5381ABFAE7F8}.Release|Any CPU.ActiveCfg = Release|Any CPU
		{075EA3D9-4328-4344-86C1-5381ABFAE7F8}.Release|Any CPU.Build.0 = Release|Any CPU
	EndGlobalSection
	GlobalSection(SolutionProperties) = preSolution
		HideSolutionNode = FALSE
	EndGlobalSection
	GlobalSection(ExtensibilityGlobals) = postSolution
		SolutionGuid = {DBDF4D33-5F5A-4891-936B-7EE20DCA9D79}
	EndGlobalSection
EndGlobal
